
Microsoft Visual Studio Solution File, Format Version 12.00
# Visual Studio Version 17
VisualStudioVersion = 17.9.34607.119
MinimumVisualStudioVersion = 10.0.40219.1
Project("{FAE04EC0-301F-11D3-BF4B-00C04F79EFBC}") = "Practical Test", "Practical Test\Practical Test.csproj", "{FE2D80C8-DCA2-4715-B2B4-C95A91821DC4}"
EndProject
Global
	GlobalSection(SolutionConfigurationPlatforms) = preSolution
		Debug|Any CPU = Debug|Any CPU
		Release|Any CPU = Release|Any CPU
	EndGlobalSection
	GlobalSection(ProjectConfigurationPlatforms) = postSolution
		{FE2D80C8-DCA2-4715-B2B4-C95A91821DC4}.Debug|Any CPU.ActiveCfg = Debug|Any CPU
		{FE2D80C8-DCA2-4715-B2B4-C95A91821DC4}.Debug|Any CPU.Build.0 = Debug|Any CPU
		{FE2D80C8-DCA2-4715-B2B4-C95A91821DC4}.Release|Any CPU.ActiveCfg = Release|Any CPU
		{FE2D80C8-DCA2-4715-B2B4-C95A91821DC4}.Release|Any CPU.Build.0 = Release|Any CPU
	EndGlobalSection
	GlobalSection(SolutionProperties) = preSolution
		HideSolutionNode = FALSE
	EndGlobalSection
	GlobalSection(ExtensibilityGlobals) = postSolution
		SolutionGuid = {BFB14C62-6197-49A7-BC64-2CAC5565A62B}
	EndGlobalSection
EndGlobal
